
Microsoft Visual Studio Solution File, Format Version 12.00
# Visual Studio 2013
VisualStudioVersion = 12.0.30723.0
MinimumVisualStudioVersion = 10.0.40219.1
Project("{FAE04EC0-301F-11D3-BF4B-00C04F79EFBC}") = "CaptchaGenerator", "CaptchaGenerator\CaptchaGenerator.csproj", "{9D6D2106-0D3C-4DD2-9E82-41BE314F8A1B}"
EndProject
Project("{FAE04EC0-301F-11D3-BF4B-00C04F79EFBC}") = "CaptchaGenerator.Tests", "CaptchaGenerator.Tests\CaptchaGenerator.Tests.csproj", "{E401C300-8196-47B1-9ECF-F3A72BC9306D}"
EndProject
Global
	GlobalSection(SolutionConfigurationPlatforms) = preSolution
		Debug|Any CPU = Debug|Any CPU
		Release|Any CPU = Release|Any CPU
	EndGlobalSection
	GlobalSection(ProjectConfigurationPlatforms) = postSolution
		{9D6D2106-0D3C-4DD2-9E82-41BE314F8A1B}.Debug|Any CPU.ActiveCfg = Debug|Any CPU
		{9D6D2106-0D3C-4DD2-9E82-41BE314F8A1B}.Debug|Any CPU.Build.0 = Debug|Any CPU
		{9D6D2106-0D3C-4DD2-9E82-41BE314F8A1B}.Release|Any CPU.ActiveCfg = Release|Any CPU
		{9D6D2106-0D3C-4DD2-9E82-41BE314F8A1B}.Release|Any CPU.Build.0 = Release|Any CPU
		{E401C300-8196-47B1-9ECF-F3A72BC9306D}.Debug|Any CPU.ActiveCfg = Debug|Any CPU
		{E401C300-8196-47B1-9ECF-F3A72BC9306D}.Debug|Any CPU.Build.0 = Debug|Any CPU
		{E401C300-8196-47B1-9ECF-F3A72BC9306D}.Release|Any CPU.ActiveCfg = Release|Any CPU
		{E401C300-8196-47B1-9ECF-F3A72BC9306D}.Release|Any CPU.Build.0 = Release|Any CPU
	EndGlobalSection
	GlobalSection(SolutionProperties) = preSolution
		HideSolutionNode = FALSE
	EndGlobalSection
EndGlobal
